
Microsoft Visual Studio Solution File, Format Version 12.00
# Visual Studio Version 17
VisualStudioVersion = 17.14.36414.22
MinimumVisualStudioVersion = 10.0.40219.1
Project("{2150E333-8FDC-42A3-9474-1A3956D46DE8}") = "Task0", "Task0", "{02EA681E-C7D8-13C7-8484-4AC65E1B71E8}"
EndProject
Project("{FAE04EC0-301F-11D3-BF4B-00C04F79EFBC}") = "Tyuiu.MalkovaMS.Sprint3.Task0.V29", "Tyuiu.MalkovaMS.Sprint3.Task0.V29\Tyuiu.MalkovaMS.Sprint3.Task0.V29.csproj", "{D1901BD2-6362-4D3B-8DFC-5E3DF521DDF6}"
EndProject
Project("{FAE04EC0-301F-11D3-BF4B-00C04F79EFBC}") = "Tyuiu.MalkovaMS.Sprint3.Task0.V29.Lib", "Tyuiu.MalkovaMS.Sprint3.Task0.V29.Lib\Tyuiu.MalkovaMS.Sprint3.Task0.V29.Lib.csproj", "{0FEFB101-A002-4DA0-9FEC-ACED8E2F7B18}"
EndProject
Project("{FAE04EC0-301F-11D3-BF4B-00C04F79EFBC}") = "Tyuiu.MalkovaMS.Sprint3.Task0.V29.Test", "Tyuiu.MalkovaMS.Sprint3.Task0.V29.Test\Tyuiu.MalkovaMS.Sprint3.Task0.V29.Test.csproj", "{37220346-F04F-4896-B6A0-FC6A60D28693}"
EndProject
Project("{2150E333-8FDC-42A3-9474-1A3956D46DE8}") = "Task1", "Task1", "{4CFBCB7C-B612-467C-BEEE-0F3DDA9F5632}"
EndProject
Project("{FAE04EC0-301F-11D3-BF4B-00C04F79EFBC}") = "Tyuiu.MalkovaMS.Sprint3.Task1.V25", "Tyuiu.MalkovaMS.Sprint3.Task1.V25\Tyuiu.MalkovaMS.Sprint3.Task1.V25.csproj", "{532DEC64-3C11-4E8C-BA9C-E496952703E7}"
EndProject
Project("{FAE04EC0-301F-11D3-BF4B-00C04F79EFBC}") = "Tyuiu.MalkovaMS.Sprint3.Task1.V25.Lib", "Tyuiu.MalkovaMS.Sprint3.Task1.V25.Lib\Tyuiu.MalkovaMS.Sprint3.Task1.V25.Lib.csproj", "{475E8BB8-9FEC-44A1-B28C-CF48FC938434}"
EndProject
Project("{FAE04EC0-301F-11D3-BF4B-00C04F79EFBC}") = "Tyuiu.MalkovaMS.Sprint3.Task1.V25.Test", "Tyuiu.MalkovaMS.Sprint3.Task1.V25.Test\Tyuiu.MalkovaMS.Sprint3.Task1.V25.Test.csproj", "{86B64F0B-D8EC-480B-A2CA-555D3F57D23C}"
EndProject
Project("{2150E333-8FDC-42A3-9474-1A3956D46DE8}") = "Task2", "Task2", "{29F6E83F-EBEC-4B92-9183-1F3CB814A69D}"
EndProject
Project("{FAE04EC0-301F-11D3-BF4B-00C04F79EFBC}") = "Tyuiu.MalkovaMS.Sprint3.Task2.V18", "Tyuiu.MalkovaMS.Sprint3.Task2.V18\Tyuiu.MalkovaMS.Sprint3.Task2.V18.csproj", "{5240F6FD-CB0D-45C2-96E4-989B6079D2A4}"
EndProject
Project("{FAE04EC0-301F-11D3-BF4B-00C04F79EFBC}") = "Tyuiu.MalkovaMS.Sprint3.Task2.V18.Lib", "Tyuiu.MalkovaMS.Sprint3.Task2.V18.Lib\Tyuiu.MalkovaMS.Sprint3.Task2.V18.Lib.csproj", "{931AD1E4-5A07-46DA-951D-AE0D96B2C119}"
EndProject
Project("{FAE04EC0-301F-11D3-BF4B-00C04F79EFBC}") = "Tyuiu.MalkovaMS.Sprint3.Task2.V18.Test", "Tyuiu.MalkovaMS.Sprint3.Task2.V18.Test\Tyuiu.MalkovaMS.Sprint3.Task2.V18.Test.csproj", "{AD01A04D-9439-4B30-BBC0-678985E92795}"
EndProject
Project("{2150E333-8FDC-42A3-9474-1A3956D46DE8}") = "Task3", "Task3", "{20130619-B7D3-493F-8675-020B2920F641}"
EndProject
Project("{FAE04EC0-301F-11D3-BF4B-00C04F79EFBC}") = "Tyuiu.MalkovaMS.Sprint3.Task3.V27", "Tyuiu.MalkovaMS.Sprint3.Task3.V27\Tyuiu.MalkovaMS.Sprint3.Task3.V27.csproj", "{68DBFBBE-B4C9-41DA-99BE-62692B49EFAF}"
EndProject
Project("{FAE04EC0-301F-11D3-BF4B-00C04F79EFBC}") = "Tyuiu.MalkovaMS.Sprint3.Task3.V27.Lib", "Tyuiu.MalkovaMS.Sprint3.Task3.V27.Lib\Tyuiu.MalkovaMS.Sprint3.Task3.V27.Lib.csproj", "{4558CE46-99F5-46E0-BCC9-84BE273A74D5}"
EndProject
Project("{FAE04EC0-301F-11D3-BF4B-00C04F79EFBC}") = "Tyuiu.MalkovaMS.Sprint3.Task3.V27.Test", "Tyuiu.MalkovaMS.Sprint3.Task3.V27.Test\Tyuiu.MalkovaMS.Sprint3.Task3.V27.Test.csproj", "{35A5CA40-E349-46CA-A43C-AD3D54334830}"
EndProject
Project("{2150E333-8FDC-42A3-9474-1A3956D46DE8}") = "Task4", "Task4", "{7300B0D6-38B5-4FC9-8F25-502B5854AB9B}"
EndProject
Project("{FAE04EC0-301F-11D3-BF4B-00C04F79EFBC}") = "Tyuiu.MalkovaMS.Sprint3.Task4.V12", "Tyuiu.MalkovaMS.Sprint3.Task4.V12\Tyuiu.MalkovaMS.Sprint3.Task4.V12.csproj", "{0799EAEB-A30C-4EFC-A9A4-B48B56532103}"
EndProject
Project("{FAE04EC0-301F-11D3-BF4B-00C04F79EFBC}") = "Tyuiu.MalkovaMS.Sprint3.Task4.V12.Lib", "Tyuiu.MalkovaMS.Sprint3.Task4.V12.Lib\Tyuiu.MalkovaMS.Sprint3.Task4.V12.Lib.csproj", "{C9A73EB4-5B6A-474A-8641-0F1DD648FDFD}"
EndProject
Project("{FAE04EC0-301F-11D3-BF4B-00C04F79EFBC}") = "Tyuiu.MalkovaMS.Sprint3.Task4.V12.Test", "Tyuiu.MalkovaMS.Sprint3.Task4.V12.Test\Tyuiu.MalkovaMS.Sprint3.Task4.V12.Test.csproj", "{CBE6C53B-8FA2-45B0-95E7-1A9E6CB019FC}"
EndProject
Project("{2150E333-8FDC-42A3-9474-1A3956D46DE8}") = "Task5", "Task5", "{720A2296-562C-4120-B9FF-DCBD23515368}"
EndProject
Project("{FAE04EC0-301F-11D3-BF4B-00C04F79EFBC}") = "Tyuiu.MalkovaMS.Sprint3.Task5.V12", "Tyuiu.MalkovaMS.Sprint3.Task5.V12\Tyuiu.MalkovaMS.Sprint3.Task5.V12.csproj", "{FE375BAC-A65C-4C49-911B-4CB316EC86A5}"
EndProject
Project("{FAE04EC0-301F-11D3-BF4B-00C04F79EFBC}") = "Tyuiu.MalkovaMS.Sprint3.Task5.V12.Lib", "Tyuiu.MalkovaMS.Sprint3.Task5.V12.Lib\Tyuiu.MalkovaMS.Sprint3.Task5.V12.Lib.csproj", "{73F6541F-B4AB-4C2F-BFF0-15D0F2D97890}"
EndProject
Project("{FAE04EC0-301F-11D3-BF4B-00C04F79EFBC}") = "Tyuiu.MalkovaMS.Sprint3.Task5.V12.Test", "Tyuiu.MalkovaMS.Sprint3.Task5.V12.Test\Tyuiu.MalkovaMS.Sprint3.Task5.V12.Test.csproj", "{A72CC231-5BEB-423C-A64C-D3676B7FEE57}"
EndProject
Project("{2150E333-8FDC-42A3-9474-1A3956D46DE8}") = "Task6", "Task6", "{56A62631-A4CD-4EA3-B2B3-0902F448E3B0}"
EndProject
Project("{FAE04EC0-301F-11D3-BF4B-00C04F79EFBC}") = "Tyuiu.MalkovaMS.Sprint3.Task6.V23", "Tyuiu.MalkovaMS.Sprint3.Task6.V23\Tyuiu.MalkovaMS.Sprint3.Task6.V23.csproj", "{CAC35D0A-A45C-4EE7-8402-5FC3D2403C11}"
EndProject
Project("{FAE04EC0-301F-11D3-BF4B-00C04F79EFBC}") = "Tyuiu.MalkovaMS.Sprint3.Task6.V23.Lib", "Tyuiu.MalkovaMS.Sprint3.Task6.V23.Lib\Tyuiu.MalkovaMS.Sprint3.Task6.V23.Lib.csproj", "{07F2499C-C040-4A83-9FF6-7FE36992DB8F}"
EndProject
Project("{FAE04EC0-301F-11D3-BF4B-00C04F79EFBC}") = "Tyuiu.MalkovaMS.Sprint3.Task6.V23.Test", "Tyuiu.MalkovaMS.Sprint3.Task6.V23.Test\Tyuiu.MalkovaMS.Sprint3.Task6.V23.Test.csproj", "{2ECE8085-E988-4139-9631-BC44698888D1}"
EndProject
Global
	GlobalSection(SolutionConfigurationPlatforms) = preSolution
		Debug|Any CPU = Debug|Any CPU
		Release|Any CPU = Release|Any CPU
	EndGlobalSection
	GlobalSection(ProjectConfigurationPlatforms) = postSolution
		{D1901BD2-6362-4D3B-8DFC-5E3DF521DDF6}.Debug|Any CPU.ActiveCfg = Debug|Any CPU
		{D1901BD2-6362-4D3B-8DFC-5E3DF521DDF6}.Debug|Any CPU.Build.0 = Debug|Any CPU
		{D1901BD2-6362-4D3B-8DFC-5E3DF521DDF6}.Release|Any CPU.ActiveCfg = Release|Any CPU
		{D1901BD2-6362-4D3B-8DFC-5E3DF521DDF6}.Release|Any CPU.Build.0 = Release|Any CPU
		{0FEFB101-A002-4DA0-9FEC-ACED8E2F7B18}.Debug|Any CPU.ActiveCfg = Debug|Any CPU
		{0FEFB101-A002-4DA0-9FEC-ACED8E2F7B18}.Debug|Any CPU.Build.0 = Debug|Any CPU
		{0FEFB101-A002-4DA0-9FEC-ACED8E2F7B18}.Release|Any CPU.ActiveCfg = Release|Any CPU
		{0FEFB101-A002-4DA0-9FEC-ACED8E2F7B18}.Release|Any CPU.Build.0 = Release|Any CPU
		{37220346-F04F-4896-B6A0-FC6A60D28693}.Debug|Any CPU.ActiveCfg = Debug|Any CPU
		{37220346-F04F-4896-B6A0-FC6A60D28693}.Debug|Any CPU.Build.0 = Debug|Any CPU
		{37220346-F04F-4896-B6A0-FC6A60D28693}.Release|Any CPU.ActiveCfg = Release|Any CPU
		{37220346-F04F-4896-B6A0-FC6A60D28693}.Release|Any CPU.Build.0 = Release|Any CPU
		{532DEC64-3C11-4E8C-BA9C-E496952703E7}.Debug|Any CPU.ActiveCfg = Debug|Any CPU
		{532DEC64-3C11-4E8C-BA9C-E496952703E7}.Debug|Any CPU.Build.0 = Debug|Any CPU
		{532DEC64-3C11-4E8C-BA9C-E496952703E7}.Release|Any CPU.ActiveCfg = Release|Any CPU
		{532DEC64-3C11-4E8C-BA9C-E496952703E7}.Release|Any CPU.Build.0 = Release|Any CPU
		{475E8BB8-9FEC-44A1-B28C-CF48FC938434}.Debug|Any CPU.ActiveCfg = Debug|Any CPU
		{475E8BB8-9FEC-44A1-B28C-CF48FC938434}.Debug|Any CPU.Build.0 = Debug|Any CPU
		{475E8BB8-9FEC-44A1-B28C-CF48FC938434}.Release|Any CPU.ActiveCfg = Release|Any CPU
		{475E8BB8-9FEC-44A1-B28C-CF48FC938434}.Release|Any CPU.Build.0 = Release|Any CPU
		{86B64F0B-D8EC-480B-A2CA-555D3F57D23C}.Debug|Any CPU.ActiveCfg = Debug|Any CPU
		{86B64F0B-D8EC-480B-A2CA-555D3F57D23C}.Debug|Any CPU.Build.0 = Debug|Any CPU
		{86B64F0B-D8EC-480B-A2CA-555D3F57D23C}.Release|Any CPU.ActiveCfg = Release|Any CPU
		{86B64F0B-D8EC-480B-A2CA-555D3F57D23C}.Release|Any CPU.Build.0 = Release|Any CPU
		{5240F6FD-CB0D-45C2-96E4-989B6079D2A4}.Debug|Any CPU.ActiveCfg = Debug|Any CPU
		{5240F6FD-CB0D-45C2-96E4-989B6079D2A4}.Debug|Any CPU.Build.0 = Debug|Any CPU
		{5240F6FD-CB0D-45C2-96E4-989B6079D2A4}.Release|Any CPU.ActiveCfg = Release|Any CPU
		{5240F6FD-CB0D-45C2-96E4-989B6079D2A4}.Release|Any CPU.Build.0 = Release|Any CPU
		{931AD1E4-5A07-46DA-951D-AE0D96B2C119}.Debug|Any CPU.ActiveCfg = Debug|Any CPU
		{931AD1E4-5A07-46DA-951D-AE0D96B2C119}.Debug|Any CPU.Build.0 = Debug|Any CPU
		{931AD1E4-5A07-46DA-951D-AE0D96B2C119}.Release|Any CPU.ActiveCfg = Release|Any CPU
		{931AD1E4-5A07-46DA-951D-AE0D96B2C119}.Release|Any CPU.Build.0 = Release|Any CPU
		{AD01A04D-9439-4B30-BBC0-678985E92795}.Debug|Any CPU.ActiveCfg = Debug|Any CPU
		{AD01A04D-9439-4B30-BBC0-678985E92795}.Debug|Any CPU.Build.0 = Debug|Any CPU
		{AD01A04D-9439-4B30-BBC0-678985E92795}.Release|Any CPU.ActiveCfg = Release|Any CPU
		{AD01A04D-9439-4B30-BBC0-678985E92795}.Release|Any CPU.Build.0 = Release|Any CPU
		{68DBFBBE-B4C9-41DA-99BE-62692B49EFAF}.Debug|Any CPU.ActiveCfg = Debug|Any CPU
		{68DBFBBE-B4C9-41DA-99BE-62692B49EFAF}.Debug|Any CPU.Build.0 = Debug|Any CPU
		{68DBFBBE-B4C9-41DA-99BE-62692B49EFAF}.Release|Any CPU.ActiveCfg = Release|Any CPU
		{68DBFBBE-B4C9-41DA-99BE-62692B49EFAF}.Release|Any CPU.Build.0 = Release|Any CPU
		{4558CE46-99F5-46E0-BCC9-84BE273A74D5}.Debug|Any CPU.ActiveCfg = Debug|Any CPU
		{4558CE46-99F5-46E0-BCC9-84BE273A74D5}.Debug|Any CPU.Build.0 = Debug|Any CPU
		{4558CE46-99F5-46E0-BCC9-84BE273A74D5}.Release|Any CPU.ActiveCfg = Release|Any CPU
		{4558CE46-99F5-46E0-BCC9-84BE273A74D5}.Release|Any CPU.Build.0 = Release|Any CPU
		{35A5CA40-E349-46CA-A43C-AD3D54334830}.Debug|Any CPU.ActiveCfg = Debug|Any CPU
		{35A5CA40-E349-46CA-A43C-AD3D54334830}.Debug|Any CPU.Build.0 = Debug|Any CPU
		{35A5CA40-E349-46CA-A43C-AD3D54334830}.Release|Any CPU.ActiveCfg = Release|Any CPU
		{35A5CA40-E349-46CA-A43C-AD3D54334830}.Release|Any CPU.Build.0 = Release|Any CPU
		{0799EAEB-A30C-4EFC-A9A4-B48B56532103}.Debug|Any CPU.ActiveCfg = Debug|Any CPU
		{0799EAEB-A30C-4EFC-A9A4-B48B56532103}.Debug|Any CPU.Build.0 = Debug|Any CPU
		{0799EAEB-A30C-4EFC-A9A4-B48B56532103}.Release|Any CPU.ActiveCfg = Release|Any CPU
		{0799EAEB-A30C-4EFC-A9A4-B48B56532103}.Release|Any CPU.Build.0 = Release|Any CPU
		{C9A73EB4-5B6A-474A-8641-0F1DD648FDFD}.Debug|Any CPU.ActiveCfg = Debug|Any CPU
		{C9A73EB4-5B6A-474A-8641-0F1DD648FDFD}.Debug|Any CPU.Build.0 = Debug|Any CPU
		{C9A73EB4-5B6A-474A-8641-0F1DD648FDFD}.Release|Any CPU.ActiveCfg = Release|Any CPU
		{C9A73EB4-5B6A-474A-8641-0F1DD648FDFD}.Release|Any CPU.Build.0 = Release|Any CPU
		{CBE6C53B-8FA2-45B0-95E7-1A9E6CB019FC}.Debug|Any CPU.ActiveCfg = Debug|Any CPU
		{CBE6C53B-8FA2-45B0-95E7-1A9E6CB019FC}.Debug|Any CPU.Build.0 = Debug|Any CPU
		{CBE6C53B-8FA2-45B0-95E7-1A9E6CB019FC}.Release|Any CPU.ActiveCfg = Release|Any CPU
		{CBE6C53B-8FA2-45B0-95E7-1A9E6CB019FC}.Release|Any CPU.Build.0 = Release|Any CPU
		{FE375BAC-A65C-4C49-911B-4CB316EC86A5}.Debug|Any CPU.ActiveCfg = Debug|Any CPU
		{FE375BAC-A65C-4C49-911B-4CB316EC86A5}.Debug|Any CPU.Build.0 = Debug|Any CPU
		{FE375BAC-A65C-4C49-911B-4CB316EC86A5}.Release|Any CPU.ActiveCfg = Release|Any CPU
		{FE375BAC-A65C-4C49-911B-4CB316EC86A5}.Release|Any CPU.Build.0 = Release|Any CPU
		{73F6541F-B4AB-4C2F-BFF0-15D0F2D97890}.Debug|Any CPU.ActiveCfg = Debug|Any CPU
		{73F6541F-B4AB-4C2F-BFF0-15D0F2D97890}.Debug|Any CPU.Build.0 = Debug|Any CPU
		{73F6541F-B4AB-4C2F-BFF0-15D0F2D97890}.Release|Any CPU.ActiveCfg = Release|Any CPU
		{73F6541F-B4AB-4C2F-BFF0-15D0F2D97890}.Release|Any CPU.Build.0 = Release|Any CPU
		{A72CC231-5BEB-423C-A64C-D3676B7FEE57}.Debug|Any CPU.ActiveCfg = Debug|Any CPU
		{A72CC231-5BEB-423C-A64C-D3676B7FEE57}.Debug|Any CPU.Build.0 = Debug|Any CPU
		{A72CC231-5BEB-423C-A64C-D3676B7FEE57}.Release|Any CPU.ActiveCfg = Release|Any CPU
		{A72CC231-5BEB-423C-A64C-D3676B7FEE57}.Release|Any CPU.Build.0 = Release|Any CPU
		{CAC35D0A-A45C-4EE7-8402-5FC3D2403C11}.Debug|Any CPU.ActiveCfg = Debug|Any CPU
		{CAC35D0A-A45C-4EE7-8402-5FC3D2403C11}.Debug|Any CPU.Build.0 = Debug|Any CPU
		{CAC35D0A-A45C-4EE7-8402-5FC3D2403C11}.Release|Any CPU.ActiveCfg = Release|Any CPU
		{CAC35D0A-A45C-4EE7-8402-5FC3D2403C11}.Release|Any CPU.Build.0 = Release|Any CPU
		{07F2499C-C040-4A83-9FF6-7FE36992DB8F}.Debug|Any CPU.ActiveCfg = Debug|Any CPU
		{07F2499C-C040-4A83-9FF6-7FE36992DB8F}.Debug|Any CPU.Build.0 = Debug|Any CPU
		{07F2499C-C040-4A83-9FF6-7FE36992DB8F}.Release|Any CPU.ActiveCfg = Release|Any CPU
		{07F2499C-C040-4A83-9FF6-7FE36992DB8F}.Release|Any CPU.Build.0 = Release|Any CPU
		{2ECE8085-E988-4139-9631-BC44698888D1}.Debug|Any CPU.ActiveCfg = Debug|Any CPU
		{2ECE8085-E988-4139-9631-BC44698888D1}.Debug|Any CPU.Build.0 = Debug|Any CPU
		{2ECE8085-E988-4139-9631-BC44698888D1}.Release|Any CPU.ActiveCfg = Release|Any CPU
		{2ECE8085-E988-4139-9631-BC44698888D1}.Release|Any CPU.Build.0 = Release|Any CPU
	EndGlobalSection
	GlobalSection(SolutionProperties) = preSolution
		HideSolutionNode = FALSE
	EndGlobalSection
	GlobalSection(NestedProjects) = preSolution
		{D1901BD2-6362-4D3B-8DFC-5E3DF521DDF6} = {02EA681E-C7D8-13C7-8484-4AC65E1B71E8}
		{0FEFB101-A002-4DA0-9FEC-ACED8E2F7B18} = {02EA681E-C7D8-13C7-8484-4AC65E1B71E8}
		{37220346-F04F-4896-B6A0-FC6A60D28693} = {02EA681E-C7D8-13C7-8484-4AC65E1B71E8}
		{532DEC64-3C11-4E8C-BA9C-E496952703E7} = {4CFBCB7C-B612-467C-BEEE-0F3DDA9F5632}
		{475E8BB8-9FEC-44A1-B28C-CF48FC938434} = {4CFBCB7C-B612-467C-BEEE-0F3DDA9F5632}
		{86B64F0B-D8EC-480B-A2CA-555D3F57D23C} = {4CFBCB7C-B612-467C-BEEE-0F3DDA9F5632}
		{5240F6FD-CB0D-45C2-96E4-989B6079D2A4} = {29F6E83F-EBEC-4B92-9183-1F3CB814A69D}
		{931AD1E4-5A07-46DA-951D-AE0D96B2C119} = {29F6E83F-EBEC-4B92-9183-1F3CB814A69D}
		{AD01A04D-9439-4B30-BBC0-678985E92795} = {29F6E83F-EBEC-4B92-9183-1F3CB814A69D}
		{68DBFBBE-B4C9-41DA-99BE-62692B49EFAF} = {20130619-B7D3-493F-8675-020B2920F641}
		{4558CE46-99F5-46E0-BCC9-84BE273A74D5} = {20130619-B7D3-493F-8675-020B2920F641}
		{35A5CA40-E349-46CA-A43C-AD3D54334830} = {20130619-B7D3-493F-8675-020B2920F641}
		{0799EAEB-A30C-4EFC-A9A4-B48B56532103} = {7300B0D6-38B5-4FC9-8F25-502B5854AB9B}
		{C9A73EB4-5B6A-474A-8641-0F1DD648FDFD} = {7300B0D6-38B5-4FC9-8F25-502B5854AB9B}
		{CBE6C53B-8FA2-45B0-95E7-1A9E6CB019FC} = {7300B0D6-38B5-4FC9-8F25-502B5854AB9B}
		{FE375BAC-A65C-4C49-911B-4CB316EC86A5} = {720A2296-562C-4120-B9FF-DCBD23515368}
		{73F6541F-B4AB-4C2F-BFF0-15D0F2D97890} = {720A2296-562C-4120-B9FF-DCBD23515368}
		{A72CC231-5BEB-423C-A64C-D3676B7FEE57} = {720A2296-562C-4120-B9FF-DCBD23515368}
		{CAC35D0A-A45C-4EE7-8402-5FC3D2403C11} = {56A62631-A4CD-4EA3-B2B3-0902F448E3B0}
		{07F2499C-C040-4A83-9FF6-7FE36992DB8F} = {56A62631-A4CD-4EA3-B2B3-0902F448E3B0}
		{2ECE8085-E988-4139-9631-BC44698888D1} = {56A62631-A4CD-4EA3-B2B3-0902F448E3B0}
	EndGlobalSection
	GlobalSection(ExtensibilityGlobals) = postSolution
		SolutionGuid = {8FE6B80D-7A9D-40F9-8A23-AD159A31EA62}
	EndGlobalSection
EndGlobal
